
Microsoft Visual Studio Solution File, Format Version 12.00
Project("{FAE04EC0-301F-11D3-BF4B-00C04F79EFBC}") = "Resunet", "Resunet\Resunet.csproj", "{D559D971-2E99-4240-9430-AEE0B6707CA7}"
EndProject
Global
	GlobalSection(SolutionConfigurationPlatforms) = preSolution
		Debug|Any CPU = Debug|Any CPU
		Release|Any CPU = Release|Any CPU
	EndGlobalSection
	GlobalSection(ProjectConfigurationPlatforms) = postSolution
		{D559D971-2E99-4240-9430-AEE0B6707CA7}.Debug|Any CPU.ActiveCfg = Debug|Any CPU
		{D559D971-2E99-4240-9430-AEE0B6707CA7}.Debug|Any CPU.Build.0 = Debug|Any CPU
		{D559D971-2E99-4240-9430-AEE0B6707CA7}.Release|Any CPU.ActiveCfg = Release|Any CPU
		{D559D971-2E99-4240-9430-AEE0B6707CA7}.Release|Any CPU.Build.0 = Release|Any CPU
	EndGlobalSection
EndGlobal
